
Microsoft Visual Studio Solution File, Format Version 12.00
# Visual Studio Version 16
VisualStudioVersion = 16.0.31624.102
MinimumVisualStudioVersion = 10.0.40219.1
Project("{FAE04EC0-301F-11D3-BF4B-00C04F79EFBC}") = "SeleniumProject", "SeleniumProject\SeleniumProject.csproj", "{AE108C89-54A9-42EA-AC3F-00C34DD71397}"
EndProject
Global
	GlobalSection(SolutionConfigurationPlatforms) = preSolution
		Debug|Any CPU = Debug|Any CPU
		Release|Any CPU = Release|Any CPU
	EndGlobalSection
	GlobalSection(ProjectConfigurationPlatforms) = postSolution
		{AE108C89-54A9-42EA-AC3F-00C34DD71397}.Debug|Any CPU.ActiveCfg = Debug|Any CPU
		{AE108C89-54A9-42EA-AC3F-00C34DD71397}.Debug|Any CPU.Build.0 = Debug|Any CPU
		{AE108C89-54A9-42EA-AC3F-00C34DD71397}.Release|Any CPU.ActiveCfg = Release|Any CPU
		{AE108C89-54A9-42EA-AC3F-00C34DD71397}.Release|Any CPU.Build.0 = Release|Any CPU
	EndGlobalSection
	GlobalSection(SolutionProperties) = preSolution
		HideSolutionNode = FALSE
	EndGlobalSection
	GlobalSection(ExtensibilityGlobals) = postSolution
		SolutionGuid = {624CDBB2-0588-4D50-9C82-2425964D6A96}
	EndGlobalSection
EndGlobal
